// !$*UTF8*$!
{
	archiveVersion = 1;
	classes = {
	};
	objectVersion = 51;
	objects = {

/* Begin PBXBuildFile section */
		08DC0E587C03CFD94B68813E /* Pods_InstagramTests.framework in Frameworks */ = {isa = PBXBuildFile; fileRef = D85786644F2758405D98CB5F /* Pods_InstagramTests.framework */; };
		12035EB72697BE3600C162F0 /* ProfileViewController.m in Sources */ = {isa = PBXBuildFile; fileRef = 12035EB62697BE3600C162F0 /* ProfileViewController.m */; };
		12035EBA2697C0D400C162F0 /* ProfileGramCell.m in Sources */ = {isa = PBXBuildFile; fileRef = 12035EB92697C0D400C162F0 /* ProfileGramCell.m */; };
		128CD36226965C84008B094C /* DetailsViewController.m in Sources */ = {isa = PBXBuildFile; fileRef = 128CD36126965C84008B094C /* DetailsViewController.m */; };
		12A69F302694EFCD00D69392 /* LoginViewController.m in Sources */ = {isa = PBXBuildFile; fileRef = 12A69F2F2694EFCD00D69392 /* LoginViewController.m */; };
		12A69F332694F20100D69392 /* HomeFeedViewController.m in Sources */ = {isa = PBXBuildFile; fileRef = 12A69F322694F20100D69392 /* HomeFeedViewController.m */; };
		12A69F362695013300D69392 /* ComposeViewController.m in Sources */ = {isa = PBXBuildFile; fileRef = 12A69F352695013300D69392 /* ComposeViewController.m */; };
		12B057FF2694E91400747297 /* AppDelegate.m in Sources */ = {isa = PBXBuildFile; fileRef = 12B057FE2694E91400747297 /* AppDelegate.m */; };
		12B058022694E91400747297 /* SceneDelegate.m in Sources */ = {isa = PBXBuildFile; fileRef = 12B058012694E91400747297 /* SceneDelegate.m */; };
		12B058082694E91400747297 /* Main.storyboard in Resources */ = {isa = PBXBuildFile; fileRef = 12B058062694E91400747297 /* Main.storyboard */; };
		12B0580A2694E91500747297 /* Assets.xcassets in Resources */ = {isa = PBXBuildFile; fileRef = 12B058092694E91500747297 /* Assets.xcassets */; };
		12B0580D2694E91500747297 /* LaunchScreen.storyboard in Resources */ = {isa = PBXBuildFile; fileRef = 12B0580B2694E91500747297 /* LaunchScreen.storyboard */; };
		12B058102694E91500747297 /* main.m in Sources */ = {isa = PBXBuildFile; fileRef = 12B0580F2694E91500747297 /* main.m */; };
		12B0581A2694E91500747297 /* InstagramTests.m in Sources */ = {isa = PBXBuildFile; fileRef = 12B058192694E91500747297 /* InstagramTests.m */; };
		12B058252694E91500747297 /* InstagramUITests.m in Sources */ = {isa = PBXBuildFile; fileRef = 12B058242694E91500747297 /* InstagramUITests.m */; };
		12CB44B5269524730086F577 /* Post.m in Sources */ = {isa = PBXBuildFile; fileRef = 12CB44B4269524730086F577 /* Post.m */; };
		12EBE0B526963C68008058EA /* GramCell.m in Sources */ = {isa = PBXBuildFile; fileRef = 12EBE0B426963C68008058EA /* GramCell.m */; };
		1BCFA8A8DBAE2E047C8620F2 /* Pods_Instagram_InstagramUITests.framework in Frameworks */ = {isa = PBXBuildFile; fileRef = 8DAFB30C31B0A03E4CA341D1 /* Pods_Instagram_InstagramUITests.framework */; };
		E12CE221CE85C78A4EE7E1B3 /* Pods_Instagram.framework in Frameworks */ = {isa = PBXBuildFile; fileRef = 2A5B7031D4E79A12C3D82A6C /* Pods_Instagram.framework */; };
/* End PBXBuildFile section */

/* Begin PBXContainerItemProxy section */
		12B058162694E91500747297 /* PBXContainerItemProxy */ = {
			isa = PBXContainerItemProxy;
			containerPortal = 12B057F22694E91400747297 /* Project object */;
			proxyType = 1;
			remoteGlobalIDString = 12B057F92694E91400747297;
			remoteInfo = Instagram;
		};
		12B058212694E91500747297 /* PBXContainerItemProxy */ = {
			isa = PBXContainerItemProxy;
			containerPortal = 12B057F22694E91400747297 /* Project object */;
			proxyType = 1;
			remoteGlobalIDString = 12B057F92694E91400747297;
			remoteInfo = Instagram;
		};
/* End PBXContainerItemProxy section */

/* Begin PBXFileReference section */
		12035EB52697BE3600C162F0 /* ProfileViewController.h */ = {isa = PBXFileReference; lastKnownFileType = sourcecode.c.h; path = ProfileViewController.h; sourceTree = "<group>"; };
		12035EB62697BE3600C162F0 /* ProfileViewController.m */ = {isa = PBXFileReference; lastKnownFileType = sourcecode.c.objc; path = ProfileViewController.m; sourceTree = "<group>"; };
		12035EB82697C0D400C162F0 /* ProfileGramCell.h */ = {isa = PBXFileReference; lastKnownFileType = sourcecode.c.h; path = ProfileGramCell.h; sourceTree = "<group>"; };
		12035EB92697C0D400C162F0 /* ProfileGramCell.m */ = {isa = PBXFileReference; lastKnownFileType = sourcecode.c.objc; path = ProfileGramCell.m; sourceTree = "<group>"; };
		128CD36026965C84008B094C /* DetailsViewController.h */ = {isa = PBXFileReference; lastKnownFileType = sourcecode.c.h; path = DetailsViewController.h; sourceTree = "<group>"; };
		128CD36126965C84008B094C /* DetailsViewController.m */ = {isa = PBXFileReference; lastKnownFileType = sourcecode.c.objc; path = DetailsViewController.m; sourceTree = "<group>"; };
		12A69F2E2694EFCD00D69392 /* LoginViewController.h */ = {isa = PBXFileReference; lastKnownFileType = sourcecode.c.h; path = LoginViewController.h; sourceTree = "<group>"; };
		12A69F2F2694EFCD00D69392 /* LoginViewController.m */ = {isa = PBXFileReference; lastKnownFileType = sourcecode.c.objc; path = LoginViewController.m; sourceTree = "<group>"; };
		12A69F312694F20100D69392 /* HomeFeedViewController.h */ = {isa = PBXFileReference; lastKnownFileType = sourcecode.c.h; path = HomeFeedViewController.h; sourceTree = "<group>"; };
		12A69F322694F20100D69392 /* HomeFeedViewController.m */ = {isa = PBXFileReference; lastKnownFileType = sourcecode.c.objc; path = HomeFeedViewController.m; sourceTree = "<group>"; };
		12A69F342695013300D69392 /* ComposeViewController.h */ = {isa = PBXFileReference; lastKnownFileType = sourcecode.c.h; path = ComposeViewController.h; sourceTree = "<group>"; };
		12A69F352695013300D69392 /* ComposeViewController.m */ = {isa = PBXFileReference; lastKnownFileType = sourcecode.c.objc; path = ComposeViewController.m; sourceTree = "<group>"; };
		12B057FA2694E91400747297 /* Instagram.app */ = {isa = PBXFileReference; explicitFileType = wrapper.application; includeInIndex = 0; path = Instagram.app; sourceTree = BUILT_PRODUCTS_DIR; };
		12B057FD2694E91400747297 /* AppDelegate.h */ = {isa = PBXFileReference; lastKnownFileType = sourcecode.c.h; path = AppDelegate.h; sourceTree = "<group>"; };
		12B057FE2694E91400747297 /* AppDelegate.m */ = {isa = PBXFileReference; lastKnownFileType = sourcecode.c.objc; path = AppDelegate.m; sourceTree = "<group>"; };
		12B058002694E91400747297 /* SceneDelegate.h */ = {isa = PBXFileReference; lastKnownFileType = sourcecode.c.h; path = SceneDelegate.h; sourceTree = "<group>"; };
		12B058012694E91400747297 /* SceneDelegate.m */ = {isa = PBXFileReference; lastKnownFileType = sourcecode.c.objc; path = SceneDelegate.m; sourceTree = "<group>"; };
		12B058072694E91400747297 /* Base */ = {isa = PBXFileReference; lastKnownFileType = file.storyboard; name = Base; path = Base.lproj/Main.storyboard; sourceTree = "<group>"; };
		12B058092694E91500747297 /* Assets.xcassets */ = {isa = PBXFileReference; lastKnownFileType = folder.assetcatalog; path = Assets.xcassets; sourceTree = "<group>"; };
		12B0580C2694E91500747297 /* Base */ = {isa = PBXFileReference; lastKnownFileType = file.storyboard; name = Base; path = Base.lproj/LaunchScreen.storyboard; sourceTree = "<group>"; };
		12B0580E2694E91500747297 /* Info.plist */ = {isa = PBXFileReference; lastKnownFileType = text.plist.xml; path = Info.plist; sourceTree = "<group>"; };
		12B0580F2694E91500747297 /* main.m */ = {isa = PBXFileReference; lastKnownFileType = sourcecode.c.objc; path = main.m; sourceTree = "<group>"; };
		12B058152694E91500747297 /* InstagramTests.xctest */ = {isa = PBXFileReference; explicitFileType = wrapper.cfbundle; includeInIndex = 0; path = InstagramTests.xctest; sourceTree = BUILT_PRODUCTS_DIR; };
		12B058192694E91500747297 /* InstagramTests.m */ = {isa = PBXFileReference; lastKnownFileType = sourcecode.c.objc; path = InstagramTests.m; sourceTree = "<group>"; };
		12B0581B2694E91500747297 /* Info.plist */ = {isa = PBXFileReference; lastKnownFileType = text.plist.xml; path = Info.plist; sourceTree = "<group>"; };
		12B058202694E91500747297 /* InstagramUITests.xctest */ = {isa = PBXFileReference; explicitFileType = wrapper.cfbundle; includeInIndex = 0; path = InstagramUITests.xctest; sourceTree = BUILT_PRODUCTS_DIR; };
		12B058242694E91500747297 /* InstagramUITests.m */ = {isa = PBXFileReference; lastKnownFileType = sourcecode.c.objc; path = InstagramUITests.m; sourceTree = "<group>"; };
		12B058262694E91500747297 /* Info.plist */ = {isa = PBXFileReference; lastKnownFileType = text.plist.xml; path = Info.plist; sourceTree = "<group>"; };
		12CB44B3269524730086F577 /* Post.h */ = {isa = PBXFileReference; lastKnownFileType = sourcecode.c.h; path = Post.h; sourceTree = "<group>"; };
		12CB44B4269524730086F577 /* Post.m */ = {isa = PBXFileReference; lastKnownFileType = sourcecode.c.objc; path = Post.m; sourceTree = "<group>"; };
		12EBE0B326963C68008058EA /* GramCell.h */ = {isa = PBXFileReference; lastKnownFileType = sourcecode.c.h; path = GramCell.h; sourceTree = "<group>"; };
		12EBE0B426963C68008058EA /* GramCell.m */ = {isa = PBXFileReference; lastKnownFileType = sourcecode.c.objc; path = GramCell.m; sourceTree = "<group>"; };
		2A5B7031D4E79A12C3D82A6C /* Pods_Instagram.framework */ = {isa = PBXFileReference; explicitFileType = wrapper.framework; includeInIndex = 0; path = Pods_Instagram.framework; sourceTree = BUILT_PRODUCTS_DIR; };
		373AE123A458F9FBDFC2FC99 /* Pods-Instagram-InstagramUITests.debug.xcconfig */ = {isa = PBXFileReference; includeInIndex = 1; lastKnownFileType = text.xcconfig; name = "Pods-Instagram-InstagramUITests.debug.xcconfig"; path = "Target Support Files/Pods-Instagram-InstagramUITests/Pods-Instagram-InstagramUITests.debug.xcconfig"; sourceTree = "<group>"; };
		56C598BC32546A92E5F0BE24 /* Pods-Instagram-InstagramUITests.release.xcconfig */ = {isa = PBXFileReference; includeInIndex = 1; lastKnownFileType = text.xcconfig; name = "Pods-Instagram-InstagramUITests.release.xcconfig"; path = "Target Support Files/Pods-Instagram-InstagramUITests/Pods-Instagram-InstagramUITests.release.xcconfig"; sourceTree = "<group>"; };
		6E378CFAFB48C35FD1F86048 /* Pods-InstagramTests.release.xcconfig */ = {isa = PBXFileReference; includeInIndex = 1; lastKnownFileType = text.xcconfig; name = "Pods-InstagramTests.release.xcconfig"; path = "Target Support Files/Pods-InstagramTests/Pods-InstagramTests.release.xcconfig"; sourceTree = "<group>"; };
		8DAFB30C31B0A03E4CA341D1 /* Pods_Instagram_InstagramUITests.framework */ = {isa = PBXFileReference; explicitFileType = wrapper.framework; includeInIndex = 0; path = Pods_Instagram_InstagramUITests.framework; sourceTree = BUILT_PRODUCTS_DIR; };
		910F9D5879042571318EF6F2 /* Pods-Instagram.debug.xcconfig */ = {isa = PBXFileReference; includeInIndex = 1; lastKnownFileType = text.xcconfig; name = "Pods-Instagram.debug.xcconfig"; path = "Target Support Files/Pods-Instagram/Pods-Instagram.debug.xcconfig"; sourceTree = "<group>"; };
		AF76679E73D77D89A833C42E /* Pods-Instagram.release.xcconfig */ = {isa = PBXFileReference; includeInIndex = 1; lastKnownFileType = text.xcconfig; name = "Pods-Instagram.release.xcconfig"; path = "Target Support Files/Pods-Instagram/Pods-Instagram.release.xcconfig"; sourceTree = "<group>"; };
		CEEF798551D2859058B70F8F /* Pods-InstagramTests.debug.xcconfig */ = {isa = PBXFileReference; includeInIndex = 1; lastKnownFileType = text.xcconfig; name = "Pods-InstagramTests.debug.xcconfig"; path = "Target Support Files/Pods-InstagramTests/Pods-InstagramTests.debug.xcconfig"; sourceTree = "<group>"; };
		D85786644F2758405D98CB5F /* Pods_InstagramTests.framework */ = {isa = PBXFileReference; explicitFileType = wrapper.framework; includeInIndex = 0; path = Pods_InstagramTests.framework; sourceTree = BUILT_PRODUCTS_DIR; };
/* End PBXFileReference section */

/* Begin PBXFrameworksBuildPhase section */
		12B057F72694E91400747297 /* Frameworks */ = {
			isa = PBXFrameworksBuildPhase;
			buildActionMask = 2147483647;
			files = (
				E12CE221CE85C78A4EE7E1B3 /* Pods_Instagram.framework in Frameworks */,
			);
			runOnlyForDeploymentPostprocessing = 0;
		};
		12B058122694E91500747297 /* Frameworks */ = {
			isa = PBXFrameworksBuildPhase;
			buildActionMask = 2147483647;
			files = (
				08DC0E587C03CFD94B68813E /* Pods_InstagramTests.framework in Frameworks */,
			);
			runOnlyForDeploymentPostprocessing = 0;
		};
		12B0581D2694E91500747297 /* Frameworks */ = {
			isa = PBXFrameworksBuildPhase;
			buildActionMask = 2147483647;
			files = (
				1BCFA8A8DBAE2E047C8620F2 /* Pods_Instagram_InstagramUITests.framework in Frameworks */,
			);
			runOnlyForDeploymentPostprocessing = 0;
		};
/* End PBXFrameworksBuildPhase section */

/* Begin PBXGroup section */
		12035EBB2697CD6E00C162F0 /* ViewControllers */ = {
			isa = PBXGroup;
			children = (
				12035EB52697BE3600C162F0 /* ProfileViewController.h */,
				12035EB62697BE3600C162F0 /* ProfileViewController.m */,
				128CD36026965C84008B094C /* DetailsViewController.h */,
				128CD36126965C84008B094C /* DetailsViewController.m */,
				12A69F342695013300D69392 /* ComposeViewController.h */,
				12A69F352695013300D69392 /* ComposeViewController.m */,
				12A69F312694F20100D69392 /* HomeFeedViewController.h */,
				12A69F322694F20100D69392 /* HomeFeedViewController.m */,
				12A69F2E2694EFCD00D69392 /* LoginViewController.h */,
				12A69F2F2694EFCD00D69392 /* LoginViewController.m */,
			);
			path = ViewControllers;
			sourceTree = "<group>";
		};
		12035EBC2697CD7E00C162F0 /* Models */ = {
			isa = PBXGroup;
			children = (
				12CB44B3269524730086F577 /* Post.h */,
				12CB44B4269524730086F577 /* Post.m */,
			);
			path = Models;
			sourceTree = "<group>";
		};
		12035EC32697D21600C162F0 /* Cells */ = {
			isa = PBXGroup;
			children = (
				12EBE0B326963C68008058EA /* GramCell.h */,
				12EBE0B426963C68008058EA /* GramCell.m */,
				12035EB82697C0D400C162F0 /* ProfileGramCell.h */,
				12035EB92697C0D400C162F0 /* ProfileGramCell.m */,
			);
			path = Cells;
			sourceTree = "<group>";
		};
		12B057F12694E91400747297 = {
			isa = PBXGroup;
			children = (
				12B057FC2694E91400747297 /* Instagram */,
				12B058182694E91500747297 /* InstagramTests */,
				12B058232694E91500747297 /* InstagramUITests */,
				12B057FB2694E91400747297 /* Products */,
				BDB01F174F5F03DE05C576F1 /* Pods */,
				210214A5C9987BBBEBAAAF20 /* Frameworks */,
			);
			sourceTree = "<group>";
		};
		12B057FB2694E91400747297 /* Products */ = {
			isa = PBXGroup;
			children = (
				12B057FA2694E91400747297 /* Instagram.app */,
				12B058152694E91500747297 /* InstagramTests.xctest */,
				12B058202694E91500747297 /* InstagramUITests.xctest */,
			);
			name = Products;
			sourceTree = "<group>";
		};
		12B057FC2694E91400747297 /* Instagram */ = {
			isa = PBXGroup;
			children = (
				12035EBC2697CD7E00C162F0 /* Models */,
				12035EBB2697CD6E00C162F0 /* ViewControllers */,
				12035EC32697D21600C162F0 /* Cells */,
				12B057FD2694E91400747297 /* AppDelegate.h */,
				12B057FE2694E91400747297 /* AppDelegate.m */,
				12B058002694E91400747297 /* SceneDelegate.h */,
				12B058012694E91400747297 /* SceneDelegate.m */,
				12B058062694E91400747297 /* Main.storyboard */,
				12B058092694E91500747297 /* Assets.xcassets */,
				12B0580B2694E91500747297 /* LaunchScreen.storyboard */,
				12B0580E2694E91500747297 /* Info.plist */,
				12B0580F2694E91500747297 /* main.m */,
			);
			path = Instagram;
			sourceTree = "<group>";
		};
		12B058182694E91500747297 /* InstagramTests */ = {
			isa = PBXGroup;
			children = (
				12B058192694E91500747297 /* InstagramTests.m */,
				12B0581B2694E91500747297 /* Info.plist */,
			);
			path = InstagramTests;
			sourceTree = "<group>";
		};
		12B058232694E91500747297 /* InstagramUITests */ = {
			isa = PBXGroup;
			children = (
				12B058242694E91500747297 /* InstagramUITests.m */,
				12B058262694E91500747297 /* Info.plist */,
			);
			path = InstagramUITests;
			sourceTree = "<group>";
		};
		210214A5C9987BBBEBAAAF20 /* Frameworks */ = {
			isa = PBXGroup;
			children = (
				2A5B7031D4E79A12C3D82A6C /* Pods_Instagram.framework */,
				8DAFB30C31B0A03E4CA341D1 /* Pods_Instagram_InstagramUITests.framework */,
				D85786644F2758405D98CB5F /* Pods_InstagramTests.framework */,
			);
			name = Frameworks;
			sourceTree = "<group>";
		};
		BDB01F174F5F03DE05C576F1 /* Pods */ = {
			isa = PBXGroup;
			children = (
				910F9D5879042571318EF6F2 /* Pods-Instagram.debug.xcconfig */,
				AF76679E73D77D89A833C42E /* Pods-Instagram.release.xcconfig */,
				373AE123A458F9FBDFC2FC99 /* Pods-Instagram-InstagramUITests.debug.xcconfig */,
				56C598BC32546A92E5F0BE24 /* Pods-Instagram-InstagramUITests.release.xcconfig */,
				CEEF798551D2859058B70F8F /* Pods-InstagramTests.debug.xcconfig */,
				6E378CFAFB48C35FD1F86048 /* Pods-InstagramTests.release.xcconfig */,
			);
			path = Pods;
			sourceTree = "<group>";
		};
/* End PBXGroup section */

/* Begin PBXNativeTarget section */
		12B057F92694E91400747297 /* Instagram */ = {
			isa = PBXNativeTarget;
			buildConfigurationList = 12B058292694E91500747297 /* Build configuration list for PBXNativeTarget "Instagram" */;
			buildPhases = (
				7B6256EAF39D3E7BA67867C6 /* [CP] Check Pods Manifest.lock */,
				12B057F62694E91400747297 /* Sources */,
				12B057F72694E91400747297 /* Frameworks */,
				12B057F82694E91400747297 /* Resources */,
				39269B51A525FDF403D92E9C /* [CP] Embed Pods Frameworks */,
			);
			buildRules = (
			);
			dependencies = (
			);
			name = Instagram;
			productName = Instagram;
			productReference = 12B057FA2694E91400747297 /* Instagram.app */;
			productType = "com.apple.product-type.application";
		};
		12B058142694E91500747297 /* InstagramTests */ = {
			isa = PBXNativeTarget;
			buildConfigurationList = 12B0582C2694E91500747297 /* Build configuration list for PBXNativeTarget "InstagramTests" */;
			buildPhases = (
				522CC1B6193BFBDB79DECAE4 /* [CP] Check Pods Manifest.lock */,
				12B058112694E91500747297 /* Sources */,
				12B058122694E91500747297 /* Frameworks */,
				12B058132694E91500747297 /* Resources */,
			);
			buildRules = (
			);
			dependencies = (
				12B058172694E91500747297 /* PBXTargetDependency */,
			);
			name = InstagramTests;
			productName = InstagramTests;
			productReference = 12B058152694E91500747297 /* InstagramTests.xctest */;
			productType = "com.apple.product-type.bundle.unit-test";
		};
		12B0581F2694E91500747297 /* InstagramUITests */ = {
			isa = PBXNativeTarget;
			buildConfigurationList = 12B0582F2694E91500747297 /* Build configuration list for PBXNativeTarget "InstagramUITests" */;
			buildPhases = (
				5EEA28C75407E3E1B8C7D5DF /* [CP] Check Pods Manifest.lock */,
				12B0581C2694E91500747297 /* Sources */,
				12B0581D2694E91500747297 /* Frameworks */,
				12B0581E2694E91500747297 /* Resources */,
				51C27D718F64726DE06D5CBA /* [CP] Embed Pods Frameworks */,
			);
			buildRules = (
			);
			dependencies = (
				12B058222694E91500747297 /* PBXTargetDependency */,
			);
			name = InstagramUITests;
			productName = InstagramUITests;
			productReference = 12B058202694E91500747297 /* InstagramUITests.xctest */;
			productType = "com.apple.product-type.bundle.ui-testing";
		};
/* End PBXNativeTarget section */

/* Begin PBXProject section */
		12B057F22694E91400747297 /* Project object */ = {
			isa = PBXProject;
			attributes = {
				LastUpgradeCheck = 1250;
				TargetAttributes = {
					12B057F92694E91400747297 = {
						CreatedOnToolsVersion = 12.5.1;
					};
					12B058142694E91500747297 = {
						CreatedOnToolsVersion = 12.5.1;
						TestTargetID = 12B057F92694E91400747297;
					};
					12B0581F2694E91500747297 = {
						CreatedOnToolsVersion = 12.5.1;
						TestTargetID = 12B057F92694E91400747297;
					};
				};
			};
			buildConfigurationList = 12B057F52694E91400747297 /* Build configuration list for PBXProject "Instagram" */;
			compatibilityVersion = "Xcode 9.3";
			developmentRegion = en;
			hasScannedForEncodings = 0;
			knownRegions = (
				en,
				Base,
			);
			mainGroup = 12B057F12694E91400747297;
			productRefGroup = 12B057FB2694E91400747297 /* Products */;
			projectDirPath = "";
			projectRoot = "";
			targets = (
				12B057F92694E91400747297 /* Instagram */,
				12B058142694E91500747297 /* InstagramTests */,
				12B0581F2694E91500747297 /* InstagramUITests */,
			);
		};
/* End PBXProject section */

/* Begin PBXResourcesBuildPhase section */
		12B057F82694E91400747297 /* Resources */ = {
			isa = PBXResourcesBuildPhase;
			buildActionMask = 2147483647;
			files = (
				12B0580D2694E91500747297 /* LaunchScreen.storyboard in Resources */,
				12B0580A2694E91500747297 /* Assets.xcassets in Resources */,
				12B058082694E91400747297 /* Main.storyboard in Resources */,
			);
			runOnlyForDeploymentPostprocessing = 0;
		};
		12B058132694E91500747297 /* Resources */ = {
			isa = PBXResourcesBuildPhase;
			buildActionMask = 2147483647;
			files = (
			);
			runOnlyForDeploymentPostprocessing = 0;
		};
		12B0581E2694E91500747297 /* Resources */ = {
			isa = PBXResourcesBuildPhase;
			buildActionMask = 2147483647;
			files = (
			);
			runOnlyForDeploymentPostprocessing = 0;
		};
/* End PBXResourcesBuildPhase section */

/* Begin PBXShellScriptBuildPhase section */
		39269B51A525FDF403D92E9C /* [CP] Embed Pods Frameworks */ = {
			isa = PBXShellScriptBuildPhase;
			buildActionMask = 2147483647;
			files = (
			);
			inputFileListPaths = (
				"${PODS_ROOT}/Target Support Files/Pods-Instagram/Pods-Instagram-frameworks-${CONFIGURATION}-input-files.xcfilelist",
			);
			name = "[CP] Embed Pods Frameworks";
			outputFileListPaths = (
				"${PODS_ROOT}/Target Support Files/Pods-Instagram/Pods-Instagram-frameworks-${CONFIGURATION}-output-files.xcfilelist",
			);
			runOnlyForDeploymentPostprocessing = 0;
			shellPath = /bin/sh;
			shellScript = "\"${PODS_ROOT}/Target Support Files/Pods-Instagram/Pods-Instagram-frameworks.sh\"\n";
			showEnvVarsInLog = 0;
		};
		51C27D718F64726DE06D5CBA /* [CP] Embed Pods Frameworks */ = {
			isa = PBXShellScriptBuildPhase;
			buildActionMask = 2147483647;
			files = (
			);
			inputFileListPaths = (
				"${PODS_ROOT}/Target Support Files/Pods-Instagram-InstagramUITests/Pods-Instagram-InstagramUITests-frameworks-${CONFIGURATION}-input-files.xcfilelist",
			);
			name = "[CP] Embed Pods Frameworks";
			outputFileListPaths = (
				"${PODS_ROOT}/Target Support Files/Pods-Instagram-InstagramUITests/Pods-Instagram-InstagramUITests-frameworks-${CONFIGURATION}-output-files.xcfilelist",
			);
			runOnlyForDeploymentPostprocessing = 0;
			shellPath = /bin/sh;
			shellScript = "\"${PODS_ROOT}/Target Support Files/Pods-Instagram-InstagramUITests/Pods-Instagram-InstagramUITests-frameworks.sh\"\n";
			showEnvVarsInLog = 0;
		};
		522CC1B6193BFBDB79DECAE4 /* [CP] Check Pods Manifest.lock */ = {
			isa = PBXShellScriptBuildPhase;
			buildActionMask = 2147483647;
			files = (
			);
			inputFileListPaths = (
			);
			inputPaths = (
				"${PODS_PODFILE_DIR_PATH}/Podfile.lock",
				"${PODS_ROOT}/Manifest.lock",
			);
			name = "[CP] Check Pods Manifest.lock";
			outputFileListPaths = (
			);
			outputPaths = (
				"$(DERIVED_FILE_DIR)/Pods-InstagramTests-checkManifestLockResult.txt",
			);
			runOnlyForDeploymentPostprocessing = 0;
			shellPath = /bin/sh;
			shellScript = "diff \"${PODS_PODFILE_DIR_PATH}/Podfile.lock\" \"${PODS_ROOT}/Manifest.lock\" > /dev/null\nif [ $? != 0 ] ; then\n    # print error to STDERR\n    echo \"error: The sandbox is not in sync with the Podfile.lock. Run 'pod install' or update your CocoaPods installation.\" >&2\n    exit 1\nfi\n# This output is used by Xcode 'outputs' to avoid re-running this script phase.\necho \"SUCCESS\" > \"${SCRIPT_OUTPUT_FILE_0}\"\n";
			showEnvVarsInLog = 0;
		};
		5EEA28C75407E3E1B8C7D5DF /* [CP] Check Pods Manifest.lock */ = {
			isa = PBXShellScriptBuildPhase;
			buildActionMask = 2147483647;
			files = (
			);
			inputFileListPaths = (
			);
			inputPaths = (
				"${PODS_PODFILE_DIR_PATH}/Podfile.lock",
				"${PODS_ROOT}/Manifest.lock",
			);
			name = "[CP] Check Pods Manifest.lock";
			outputFileListPaths = (
			);
			outputPaths = (
				"$(DERIVED_FILE_DIR)/Pods-Instagram-InstagramUITests-checkManifestLockResult.txt",
			);
			runOnlyForDeploymentPostprocessing = 0;
			shellPath = /bin/sh;
			shellScript = "diff \"${PODS_PODFILE_DIR_PATH}/Podfile.lock\" \"${PODS_ROOT}/Manifest.lock\" > /dev/null\nif [ $? != 0 ] ; then\n    # print error to STDERR\n    echo \"error: The sandbox is not in sync with the Podfile.lock. Run 'pod install' or update your CocoaPods installation.\" >&2\n    exit 1\nfi\n# This output is used by Xcode 'outputs' to avoid re-running this script phase.\necho \"SUCCESS\" > \"${SCRIPT_OUTPUT_FILE_0}\"\n";
			showEnvVarsInLog = 0;
		};
		7B6256EAF39D3E7BA67867C6 /* [CP] Check Pods Manifest.lock */ = {
			isa = PBXShellScriptBuildPhase;
			buildActionMask = 2147483647;
			files = (
			);
			inputFileListPaths = (
			);
			inputPaths = (
				"${PODS_PODFILE_DIR_PATH}/Podfile.lock",
				"${PODS_ROOT}/Manifest.lock",
			);
			name = "[CP] Check Pods Manifest.lock";
			outputFileListPaths = (
			);
			outputPaths = (
				"$(DERIVED_FILE_DIR)/Pods-Instagram-checkManifestLockResult.txt",
			);
			runOnlyForDeploymentPostprocessing = 0;
			shellPath = /bin/sh;
			shellScript = "diff \"${PODS_PODFILE_DIR_PATH}/Podfile.lock\" \"${PODS_ROOT}/Manifest.lock\" > /dev/null\nif [ $? != 0 ] ; then\n    # print error to STDERR\n    echo \"error: The sandbox is not in sync with the Podfile.lock. Run 'pod install' or update your CocoaPods installation.\" >&2\n    exit 1\nfi\n# This output is used by Xcode 'outputs' to avoid re-running this script phase.\necho \"SUCCESS\" > \"${SCRIPT_OUTPUT_FILE_0}\"\n";
			showEnvVarsInLog = 0;
		};
/* End PBXShellScriptBuildPhase section */

/* Begin PBXSourcesBuildPhase section */
		12B057F62694E91400747297 /* Sources */ = {
			isa = PBXSourcesBuildPhase;
			buildActionMask = 2147483647;
			files = (
				12A69F332694F20100D69392 /* HomeFeedViewController.m in Sources */,
				12B057FF2694E91400747297 /* AppDelegate.m in Sources */,
				12B058102694E91500747297 /* main.m in Sources */,
				12A69F362695013300D69392 /* ComposeViewController.m in Sources */,
				12035EB72697BE3600C162F0 /* ProfileViewController.m in Sources */,
				12035EBA2697C0D400C162F0 /* ProfileGramCell.m in Sources */,
				12EBE0B526963C68008058EA /* GramCell.m in Sources */,
				12B058022694E91400747297 /* SceneDelegate.m in Sources */,
				128CD36226965C84008B094C /* DetailsViewController.m in Sources */,
				12A69F302694EFCD00D69392 /* LoginViewController.m in Sources */,
				12CB44B5269524730086F577 /* Post.m in Sources */,
			);
			runOnlyForDeploymentPostprocessing = 0;
		};
		12B058112694E91500747297 /* Sources */ = {
			isa = PBXSourcesBuildPhase;
			buildActionMask = 2147483647;
			files = (
				12B0581A2694E91500747297 /* InstagramTests.m in Sources */,
			);
			runOnlyForDeploymentPostprocessing = 0;
		};
		12B0581C2694E91500747297 /* Sources */ = {
			isa = PBXSourcesBuildPhase;
			buildActionMask = 2147483647;
			files = (
				12B058252694E91500747297 /* InstagramUITests.m in Sources */,
			);
			runOnlyForDeploymentPostprocessing = 0;
		};
/* End PBXSourcesBuildPhase section */

/* Begin PBXTargetDependency section */
		12B058172694E91500747297 /* PBXTargetDependency */ = {
			isa = PBXTargetDependency;
			target = 12B057F92694E91400747297 /* Instagram */;
			targetProxy = 12B058162694E91500747297 /* PBXContainerItemProxy */;
		};
		12B058222694E91500747297 /* PBXTargetDependency */ = {
			isa = PBXTargetDependency;
			target = 12B057F92694E91400747297 /* Instagram */;
			targetProxy = 12B058212694E91500747297 /* PBXContainerItemProxy */;
		};
/* End PBXTargetDependency section */

/* Begin PBXVariantGroup section */
		12B058062694E91400747297 /* Main.storyboard */ = {
			isa = PBXVariantGroup;
			children = (
				12B058072694E91400747297 /* Base */,
			);
			name = Main.storyboard;
			sourceTree = "<group>";
		};
		12B0580B2694E91500747297 /* LaunchScreen.storyboard */ = {
			isa = PBXVariantGroup;
			children = (
				12B0580C2694E91500747297 /* Base */,
			);
			name = LaunchScreen.storyboard;
			sourceTree = "<group>";
		};
/* End PBXVariantGroup section */

/* Begin XCBuildConfiguration section */
		12B058272694E91500747297 /* Debug */ = {
			isa = XCBuildConfiguration;
			buildSettings = {
				ALWAYS_SEARCH_USER_PATHS = NO;
				CLANG_ANALYZER_NONNULL = YES;
				CLANG_ANALYZER_NUMBER_OBJECT_CONVERSION = YES_AGGRESSIVE;
				CLANG_CXX_LANGUAGE_STANDARD = "gnu++14";
				CLANG_CXX_LIBRARY = "libc++";
				CLANG_ENABLE_MODULES = YES;
				CLANG_ENABLE_OBJC_ARC = YES;
				CLANG_ENABLE_OBJC_WEAK = YES;
				CLANG_WARN_BLOCK_CAPTURE_AUTORELEASING = YES;
				CLANG_WARN_BOOL_CONVERSION = YES;
				CLANG_WARN_COMMA = YES;
				CLANG_WARN_CONSTANT_CONVERSION = YES;
				CLANG_WARN_DEPRECATED_OBJC_IMPLEMENTATIONS = YES;
				CLANG_WARN_DIRECT_OBJC_ISA_USAGE = YES_ERROR;
				CLANG_WARN_DOCUMENTATION_COMMENTS = YES;
				CLANG_WARN_EMPTY_BODY = YES;
				CLANG_WARN_ENUM_CONVERSION = YES;
				CLANG_WARN_INFINITE_RECURSION = YES;
				CLANG_WARN_INT_CONVERSION = YES;
				CLANG_WARN_NON_LITERAL_NULL_CONVERSION = YES;
				CLANG_WARN_OBJC_IMPLICIT_RETAIN_SELF = YES;
				CLANG_WARN_OBJC_LITERAL_CONVERSION = YES;
				CLANG_WARN_OBJC_ROOT_CLASS = YES_ERROR;
				CLANG_WARN_QUOTED_INCLUDE_IN_FRAMEWORK_HEADER = YES;
				CLANG_WARN_RANGE_LOOP_ANALYSIS = YES;
				CLANG_WARN_STRICT_PROTOTYPES = YES;
				CLANG_WARN_SUSPICIOUS_MOVE = YES;
				CLANG_WARN_UNGUARDED_AVAILABILITY = YES_AGGRESSIVE;
				CLANG_WARN_UNREACHABLE_CODE = YES;
				CLANG_WARN__DUPLICATE_METHOD_MATCH = YES;
				COPY_PHASE_STRIP = NO;
				DEBUG_INFORMATION_FORMAT = dwarf;
				ENABLE_STRICT_OBJC_MSGSEND = YES;
				ENABLE_TESTABILITY = YES;
				GCC_C_LANGUAGE_STANDARD = gnu11;
				GCC_DYNAMIC_NO_PIC = NO;
				GCC_NO_COMMON_BLOCKS = YES;
				GCC_OPTIMIZATION_LEVEL = 0;
				GCC_PREPROCESSOR_DEFINITIONS = (
					"DEBUG=1",
					"$(inherited)",
				);
				GCC_WARN_64_TO_32_BIT_CONVERSION = YES;
				GCC_WARN_ABOUT_RETURN_TYPE = YES_ERROR;
				GCC_WARN_UNDECLARED_SELECTOR = YES;
				GCC_WARN_UNINITIALIZED_AUTOS = YES_AGGRESSIVE;
				GCC_WARN_UNUSED_FUNCTION = YES;
				GCC_WARN_UNUSED_VARIABLE = YES;
				IPHONEOS_DEPLOYMENT_TARGET = 14.5;
				MTL_ENABLE_DEBUG_INFO = INCLUDE_SOURCE;
				MTL_FAST_MATH = YES;
				ONLY_ACTIVE_ARCH = YES;
				SDKROOT = iphoneos;
			};
			name = Debug;
		};
		12B058282694E91500747297 /* Release */ = {
			isa = XCBuildConfiguration;
			buildSettings = {
				ALWAYS_SEARCH_USER_PATHS = NO;
				CLANG_ANALYZER_NONNULL = YES;
				CLANG_ANALYZER_NUMBER_OBJECT_CONVERSION = YES_AGGRESSIVE;
				CLANG_CXX_LANGUAGE_STANDARD = "gnu++14";
				CLANG_CXX_LIBRARY = "libc++";
				CLANG_ENABLE_MODULES = YES;
				CLANG_ENABLE_OBJC_ARC = YES;
				CLANG_ENABLE_OBJC_WEAK = YES;
				CLANG_WARN_BLOCK_CAPTURE_AUTORELEASING = YES;
				CLANG_WARN_BOOL_CONVERSION = YES;
				CLANG_WARN_COMMA = YES;
				CLANG_WARN_CONSTANT_CONVERSION = YES;
				CLANG_WARN_DEPRECATED_OBJC_IMPLEMENTATIONS = YES;
				CLANG_WARN_DIRECT_OBJC_ISA_USAGE = YES_ERROR;
				CLANG_WARN_DOCUMENTATION_COMMENTS = YES;
				CLANG_WARN_EMPTY_BODY = YES;
				CLANG_WARN_ENUM_CONVERSION = YES;
				CLANG_WARN_INFINITE_RECURSION = YES;
				CLANG_WARN_INT_CONVERSION = YES;
				CLANG_WARN_NON_LITERAL_NULL_CONVERSION = YES;
				CLANG_WARN_OBJC_IMPLICIT_RETAIN_SELF = YES;
				CLANG_WARN_OBJC_LITERAL_CONVERSION = YES;
				CLANG_WARN_OBJC_ROOT_CLASS = YES_ERROR;
				CLANG_WARN_QUOTED_INCLUDE_IN_FRAMEWORK_HEADER = YES;
				CLANG_WARN_RANGE_LOOP_ANALYSIS = YES;
				CLANG_WARN_STRICT_PROTOTYPES = YES;
				CLANG_WARN_SUSPICIOUS_MOVE = YES;
				CLANG_WARN_UNGUARDED_AVAILABILITY = YES_AGGRESSIVE;
				CLANG_WARN_UNREACHABLE_CODE = YES;
				CLANG_WARN__DUPLICATE_METHOD_MATCH = YES;
				COPY_PHASE_STRIP = NO;
				DEBUG_INFORMATION_FORMAT = "dwarf-with-dsym";
				ENABLE_NS_ASSERTIONS = NO;
				ENABLE_STRICT_OBJC_MSGSEND = YES;
				GCC_C_LANGUAGE_STANDARD = gnu11;
				GCC_NO_COMMON_BLOCKS = YES;
				GCC_WARN_64_TO_32_BIT_CONVERSION = YES;
				GCC_WARN_ABOUT_RETURN_TYPE = YES_ERROR;
				GCC_WARN_UNDECLARED_SELECTOR = YES;
				GCC_WARN_UNINITIALIZED_AUTOS = YES_AGGRESSIVE;
				GCC_WARN_UNUSED_FUNCTION = YES;
				GCC_WARN_UNUSED_VARIABLE = YES;
				IPHONEOS_DEPLOYMENT_TARGET = 14.5;
				MTL_ENABLE_DEBUG_INFO = NO;
				MTL_FAST_MATH = YES;
				SDKROOT = iphoneos;
				VALIDATE_PRODUCT = YES;
			};
			name = Release;
		};
		12B0582A2694E91500747297 /* Debug */ = {
			isa = XCBuildConfiguration;
			baseConfigurationReference = 910F9D5879042571318EF6F2 /* Pods-Instagram.debug.xcconfig */;
			buildSettings = {
				ASSETCATALOG_COMPILER_APPICON_NAME = AppIcon;
				ASSETCATALOG_COMPILER_GLOBAL_ACCENT_COLOR_NAME = AccentColor;
				CODE_SIGN_STYLE = Automatic;
				DEVELOPMENT_TEAM = 69CN2ZV33U;
				INFOPLIST_FILE = Instagram/Info.plist;
				LD_RUNPATH_SEARCH_PATHS = (
					"$(inherited)",
					"@executable_path/Frameworks",
				);
				PRODUCT_BUNDLE_IDENTIFIER = com.sophiajwang.Instagram;
				PRODUCT_NAME = "$(TARGET_NAME)";
				TARGETED_DEVICE_FAMILY = "1,2";
			};
			name = Debug;
		};
		12B0582B2694E91500747297 /* Release */ = {
			isa = XCBuildConfiguration;
			baseConfigurationReference = AF76679E73D77D89A833C42E /* Pods-Instagram.release.xcconfig */;
			buildSettings = {
				ASSETCATALOG_COMPILER_APPICON_NAME = AppIcon;
				ASSETCATALOG_COMPILER_GLOBAL_ACCENT_COLOR_NAME = AccentColor;
				CODE_SIGN_STYLE = Automatic;
				DEVELOPMENT_TEAM = 69CN2ZV33U;
				INFOPLIST_FILE = Instagram/Info.plist;
				LD_RUNPATH_SEARCH_PATHS = (
					"$(inherited)",
					"@executable_path/Frameworks",
				);
				PRODUCT_BUNDLE_IDENTIFIER = com.sophiajwang.Instagram;
				PRODUCT_NAME = "$(TARGET_NAME)";
				TARGETED_DEVICE_FAMILY = "1,2";
			};
			name = Release;
		};
		12B0582D2694E91500747297 /* Debug */ = {
			isa = XCBuildConfiguration;
			baseConfigurationReference = CEEF798551D2859058B70F8F /* Pods-InstagramTests.debug.xcconfig */;
			buildSettings = {
				BUNDLE_LOADER = "$(TEST_HOST)";
				CODE_SIGN_STYLE = Automatic;
				DEVELOPMENT_TEAM = 69CN2ZV33U;
				INFOPLIST_FILE = InstagramTests/Info.plist;
				IPHONEOS_DEPLOYMENT_TARGET = 14.5;
				LD_RUNPATH_SEARCH_PATHS = (
					"$(inherited)",
					"@executable_path/Frameworks",
					"@loader_path/Frameworks",
				);
				PRODUCT_BUNDLE_IDENTIFIER = com.sophiajwang.InstagramTests;
				PRODUCT_NAME = "$(TARGET_NAME)";
				TARGETED_DEVICE_FAMILY = "1,2";
				TEST_HOST = "$(BUILT_PRODUCTS_DIR)/Instagram.app/Instagram";
			};
			name = Debug;
		};
		12B0582E2694E91500747297 /* Release */ = {
			isa = XCBuildConfiguration;
			baseConfigurationReference = 6E378CFAFB48C35FD1F86048 /* Pods-InstagramTests.release.xcconfig */;
			buildSettings = {
				BUNDLE_LOADER = "$(TEST_HOST)";
				CODE_SIGN_STYLE = Automatic;
				DEVELOPMENT_TEAM = 69CN2ZV33U;
				INFOPLIST_FILE = InstagramTests/Info.plist;
				IPHONEOS_DEPLOYMENT_TARGET = 14.5;
				LD_RUNPATH_SEARCH_PATHS = (
					"$(inherited)",
					"@executable_path/Frameworks",
					"@loader_path/Frameworks",
				);
				PRODUCT_BUNDLE_IDENTIFIER = com.sophiajwang.InstagramTests;
				PRODUCT_NAME = "$(TARGET_NAME)";
				TARGETED_DEVICE_FAMILY = "1,2";
				TEST_HOST = "$(BUILT_PRODUCTS_DIR)/Instagram.app/Instagram";
			};
			name = Release;
		};
		12B058302694E91500747297 /* Debug */ = {
			isa = XCBuildConfiguration;
			baseConfigurationReference = 373AE123A458F9FBDFC2FC99 /* Pods-Instagram-InstagramUITests.debug.xcconfig */;
			buildSettings = {
				CODE_SIGN_STYLE = Automatic;
				DEVELOPMENT_TEAM = 69CN2ZV33U;
				INFOPLIST_FILE = InstagramUITests/Info.plist;
				LD_RUNPATH_SEARCH_PATHS = (
					"$(inherited)",
					"@executable_path/Frameworks",
					"@loader_path/Frameworks",
				);
				PRODUCT_BUNDLE_IDENTIFIER = com.sophiajwang.InstagramUITests;
				PRODUCT_NAME = "$(TARGET_NAME)";
				TARGETED_DEVICE_FAMILY = "1,2";
				TEST_TARGET_NAME = Instagram;
			};
			name = Debug;
		};
		12B058312694E91500747297 /* Release */ = {
			isa = XCBuildConfiguration;
			baseConfigurationReference = 56C598BC32546A92E5F0BE24 /* Pods-Instagram-InstagramUITests.release.xcconfig */;
			buildSettings = {
				CODE_SIGN_STYLE = Automatic;
				DEVELOPMENT_TEAM = 69CN2ZV33U;
				INFOPLIST_FILE = InstagramUITests/Info.plist;
				LD_RUNPATH_SEARCH_PATHS = (
					"$(inherited)",
					"@executable_path/Frameworks",
					"@loader_path/Frameworks",
				);
				PRODUCT_BUNDLE_IDENTIFIER = com.sophiajwang.InstagramUITests;
				PRODUCT_NAME = "$(TARGET_NAME)";
				TARGETED_DEVICE_FAMILY = "1,2";
				TEST_TARGET_NAME = Instagram;
			};
			name = Release;
		};
/* End XCBuildConfiguration section */

/* Begin XCConfigurationList section */
		12B057F52694E91400747297 /* Build configuration list for PBXProject "Instagram" */ = {
			isa = XCConfigurationList;
			buildConfigurations = (
				12B058272694E91500747297 /* Debug */,
				12B058282694E91500747297 /* Release */,
			);
			defaultConfigurationIsVisible = 0;
			defaultConfigurationName = Release;
		};
		12B058292694E91500747297 /* Build configuration list for PBXNativeTarget "Instagram" */ = {
			isa = XCConfigurationList;
			buildConfigurations = (
				12B0582A2694E91500747297 /* Debug */,
				12B0582B2694E91500747297 /* Release */,
			);
			defaultConfigurationIsVisible = 0;
			defaultConfigurationName = Release;
		};
		12B0582C2694E91500747297 /* Build configuration list for PBXNativeTarget "InstagramTests" */ = {
			isa = XCConfigurationList;
			buildConfigurations = (
				12B0582D2694E91500747297 /* Debug */,
				12B0582E2694E91500747297 /* Release */,
			);
			defaultConfigurationIsVisible = 0;
			defaultConfigurationName = Release;
		};
		12B0582F2694E91500747297 /* Build configuration list for PBXNativeTarget "InstagramUITests" */ = {
			isa = XCConfigurationList;
			buildConfigurations = (
				12B058302694E91500747297 /* Debug */,
				12B058312694E91500747297 /* Release */,
			);
			defaultConfigurationIsVisible = 0;
			defaultConfigurationName = Release;
		};
/* End XCConfigurationList section */
	};
	rootObject = 12B057F22694E91400747297 /* Project object */;
}
